// !$*UTF8*$!
{
	archiveVersion = 1;
	classes = {
	};
	objectVersion = 56;
	objects = {

/* Begin PBXBuildFile section */
		E503CC762B2CE91700BA8A2A /* Test_ProjectApp.swift in Sources */ = {isa = PBXBuildFile; fileRef = E503CC752B2CE91700BA8A2A /* Test_ProjectApp.swift */; };
		E503CC782B2CE91700BA8A2A /* ContentView.swift in Sources */ = {isa = PBXBuildFile; fileRef = E503CC772B2CE91700BA8A2A /* ContentView.swift */; };
		E503CC7A2B2CE91800BA8A2A /* Assets.xcassets in Resources */ = {isa = PBXBuildFile; fileRef = E503CC792B2CE91800BA8A2A /* Assets.xcassets */; };
		E503CC7D2B2CE91800BA8A2A /* Preview Assets.xcassets in Resources */ = {isa = PBXBuildFile; fileRef = E503CC7C2B2CE91800BA8A2A /* Preview Assets.xcassets */; };
		E503CC862B2CE9BB00BA8A2A /* HotelScreen.swift in Sources */ = {isa = PBXBuildFile; fileRef = E503CC852B2CE9BB00BA8A2A /* HotelScreen.swift */; };
		E5606B2A2B3608840001DDFD /* AddTouristBlock.swift in Sources */ = {isa = PBXBuildFile; fileRef = E5606B292B3608840001DDFD /* AddTouristBlock.swift */; };
		E5A593FA2B3359C000E0724C /* GetBookingDetails.swift in Sources */ = {isa = PBXBuildFile; fileRef = E5A593F92B3359C000E0724C /* GetBookingDetails.swift */; };
		E5A593FC2B3359F000E0724C /* BookingDetails.swift in Sources */ = {isa = PBXBuildFile; fileRef = E5A593FB2B3359F000E0724C /* BookingDetails.swift */; };
		E5A593FE2B335BEC00E0724C /* FloatingTextField.swift in Sources */ = {isa = PBXBuildFile; fileRef = E5A593FD2B335BEC00E0724C /* FloatingTextField.swift */; };
		E5A594002B335C3A00E0724C /* BookingInfoBlock.swift in Sources */ = {isa = PBXBuildFile; fileRef = E5A593FF2B335C3A00E0724C /* BookingInfoBlock.swift */; };
		E5A594022B335C7F00E0724C /* PriceBlock.swift in Sources */ = {isa = PBXBuildFile; fileRef = E5A594012B335C7F00E0724C /* PriceBlock.swift */; };
		E5A594052B3372D200E0724C /* RatingView.swift in Sources */ = {isa = PBXBuildFile; fileRef = E5A594042B3372D200E0724C /* RatingView.swift */; };
		E5A5940B2B33762B00E0724C /* Extension.swift in Sources */ = {isa = PBXBuildFile; fileRef = E5A5940A2B33762B00E0724C /* Extension.swift */; };
		E5A5940D2B33771000E0724C /* ScreenBackground.swift in Sources */ = {isa = PBXBuildFile; fileRef = E5A5940C2B33771000E0724C /* ScreenBackground.swift */; };
		E5AC218B2B2DA09E008F4CFA /* MainInfoBlock.swift in Sources */ = {isa = PBXBuildFile; fileRef = E5AC218A2B2DA09E008F4CFA /* MainInfoBlock.swift */; };
		E5AC218D2B2DA0BC008F4CFA /* CustomList.swift in Sources */ = {isa = PBXBuildFile; fileRef = E5AC218C2B2DA0BC008F4CFA /* CustomList.swift */; };
		E5AC218F2B2DA0F6008F4CFA /* CustomListItem.swift in Sources */ = {isa = PBXBuildFile; fileRef = E5AC218E2B2DA0F6008F4CFA /* CustomListItem.swift */; };
		E5AC21922B2DAF90008F4CFA /* HotelModel.swift in Sources */ = {isa = PBXBuildFile; fileRef = E5AC21912B2DAF90008F4CFA /* HotelModel.swift */; };
		E5AC21942B2DBDD2008F4CFA /* FlexibleView.swift in Sources */ = {isa = PBXBuildFile; fileRef = E5AC21932B2DBDD2008F4CFA /* FlexibleView.swift */; };
		E5AC21962B2DF595008F4CFA /* DescriptionBlock.swift in Sources */ = {isa = PBXBuildFile; fileRef = E5AC21952B2DF595008F4CFA /* DescriptionBlock.swift */; };
		E5AC21992B2DFA33008F4CFA /* ViewModel.swift in Sources */ = {isa = PBXBuildFile; fileRef = E5AC21982B2DFA33008F4CFA /* ViewModel.swift */; };
		E5AC219C2B2E2BCE008F4CFA /* RoomScreen.swift in Sources */ = {isa = PBXBuildFile; fileRef = E5AC219B2B2E2BCE008F4CFA /* RoomScreen.swift */; };
		E5AC219F2B2E2E7F008F4CFA /* BlueButton.swift in Sources */ = {isa = PBXBuildFile; fileRef = E5AC219E2B2E2E7F008F4CFA /* BlueButton.swift */; };
		E5AC21A12B2E2FB1008F4CFA /* ImageCarouselView.swift in Sources */ = {isa = PBXBuildFile; fileRef = E5AC21A02B2E2FB1008F4CFA /* ImageCarouselView.swift */; };
		E5AC21A42B2E4218008F4CFA /* RoomModel.swift in Sources */ = {isa = PBXBuildFile; fileRef = E5AC21A32B2E4218008F4CFA /* RoomModel.swift */; };
		E5AC21A62B2F68A4008F4CFA /* GetHotels.swift in Sources */ = {isa = PBXBuildFile; fileRef = E5AC21A52B2F68A4008F4CFA /* GetHotels.swift */; };
		E5AC21A82B2F6971008F4CFA /* GetRooms.swift in Sources */ = {isa = PBXBuildFile; fileRef = E5AC21A72B2F6971008F4CFA /* GetRooms.swift */; };
		E5AC21AC2B2F6A66008F4CFA /* BookingScreen.swift in Sources */ = {isa = PBXBuildFile; fileRef = E5AC21AB2B2F6A66008F4CFA /* BookingScreen.swift */; };
		E5AC21AE2B2F6B3D008F4CFA /* RoomBlock.swift in Sources */ = {isa = PBXBuildFile; fileRef = E5AC21AD2B2F6B3D008F4CFA /* RoomBlock.swift */; };
		E5AC21B02B30A195008F4CFA /* HotelBlock.swift in Sources */ = {isa = PBXBuildFile; fileRef = E5AC21AF2B30A195008F4CFA /* HotelBlock.swift */; };
		E5AC21B22B30A1BE008F4CFA /* BookingDetailItem.swift in Sources */ = {isa = PBXBuildFile; fileRef = E5AC21B12B30A1BE008F4CFA /* BookingDetailItem.swift */; };
		E5C1532C2B33F32E0056194C /* SuccessScreen.swift in Sources */ = {isa = PBXBuildFile; fileRef = E5C1532B2B33F32E0056194C /* SuccessScreen.swift */; };
		E5C903E92B31A758001DF019 /* TouristBlock.swift in Sources */ = {isa = PBXBuildFile; fileRef = E5C903E82B31A758001DF019 /* TouristBlock.swift */; };
		E5C903EB2B31A95C001DF019 /* BuyerInfoBlock.swift in Sources */ = {isa = PBXBuildFile; fileRef = E5C903EA2B31A95C001DF019 /* BuyerInfoBlock.swift */; };
/* End PBXBuildFile section */

/* Begin PBXFileReference section */
		E503CC722B2CE91700BA8A2A /* Test_Project.app */ = {isa = PBXFileReference; explicitFileType = wrapper.application; includeInIndex = 0; path = Test_Project.app; sourceTree = BUILT_PRODUCTS_DIR; };
		E503CC752B2CE91700BA8A2A /* Test_ProjectApp.swift */ = {isa = PBXFileReference; lastKnownFileType = sourcecode.swift; path = Test_ProjectApp.swift; sourceTree = "<group>"; };
		E503CC772B2CE91700BA8A2A /* ContentView.swift */ = {isa = PBXFileReference; lastKnownFileType = sourcecode.swift; path = ContentView.swift; sourceTree = "<group>"; };
		E503CC792B2CE91800BA8A2A /* Assets.xcassets */ = {isa = PBXFileReference; lastKnownFileType = folder.assetcatalog; path = Assets.xcassets; sourceTree = "<group>"; };
		E503CC7C2B2CE91800BA8A2A /* Preview Assets.xcassets */ = {isa = PBXFileReference; lastKnownFileType = folder.assetcatalog; path = "Preview Assets.xcassets"; sourceTree = "<group>"; };
		E503CC852B2CE9BB00BA8A2A /* HotelScreen.swift */ = {isa = PBXFileReference; lastKnownFileType = sourcecode.swift; path = HotelScreen.swift; sourceTree = "<group>"; };
		E5606B292B3608840001DDFD /* AddTouristBlock.swift */ = {isa = PBXFileReference; lastKnownFileType = sourcecode.swift; path = AddTouristBlock.swift; sourceTree = "<group>"; };
		E5A593F92B3359C000E0724C /* GetBookingDetails.swift */ = {isa = PBXFileReference; lastKnownFileType = sourcecode.swift; path = GetBookingDetails.swift; sourceTree = "<group>"; };
		E5A593FB2B3359F000E0724C /* BookingDetails.swift */ = {isa = PBXFileReference; lastKnownFileType = sourcecode.swift; path = BookingDetails.swift; sourceTree = "<group>"; };
		E5A593FD2B335BEC00E0724C /* FloatingTextField.swift */ = {isa = PBXFileReference; lastKnownFileType = sourcecode.swift; path = FloatingTextField.swift; sourceTree = "<group>"; };
		E5A593FF2B335C3A00E0724C /* BookingInfoBlock.swift */ = {isa = PBXFileReference; lastKnownFileType = sourcecode.swift; path = BookingInfoBlock.swift; sourceTree = "<group>"; };
		E5A594012B335C7F00E0724C /* PriceBlock.swift */ = {isa = PBXFileReference; lastKnownFileType = sourcecode.swift; path = PriceBlock.swift; sourceTree = "<group>"; };
		E5A594042B3372D200E0724C /* RatingView.swift */ = {isa = PBXFileReference; lastKnownFileType = sourcecode.swift; path = RatingView.swift; sourceTree = "<group>"; };
		E5A5940A2B33762B00E0724C /* Extension.swift */ = {isa = PBXFileReference; lastKnownFileType = sourcecode.swift; path = Extension.swift; sourceTree = "<group>"; };
		E5A5940C2B33771000E0724C /* ScreenBackground.swift */ = {isa = PBXFileReference; lastKnownFileType = sourcecode.swift; path = ScreenBackground.swift; sourceTree = "<group>"; };
		E5AC218A2B2DA09E008F4CFA /* MainInfoBlock.swift */ = {isa = PBXFileReference; lastKnownFileType = sourcecode.swift; path = MainInfoBlock.swift; sourceTree = "<group>"; };
		E5AC218C2B2DA0BC008F4CFA /* CustomList.swift */ = {isa = PBXFileReference; lastKnownFileType = sourcecode.swift; path = CustomList.swift; sourceTree = "<group>"; };
		E5AC218E2B2DA0F6008F4CFA /* CustomListItem.swift */ = {isa = PBXFileReference; lastKnownFileType = sourcecode.swift; path = CustomListItem.swift; sourceTree = "<group>"; };
		E5AC21912B2DAF90008F4CFA /* HotelModel.swift */ = {isa = PBXFileReference; lastKnownFileType = sourcecode.swift; path = HotelModel.swift; sourceTree = "<group>"; };
		E5AC21932B2DBDD2008F4CFA /* FlexibleView.swift */ = {isa = PBXFileReference; lastKnownFileType = sourcecode.swift; path = FlexibleView.swift; sourceTree = "<group>"; };
		E5AC21952B2DF595008F4CFA /* DescriptionBlock.swift */ = {isa = PBXFileReference; lastKnownFileType = sourcecode.swift; path = DescriptionBlock.swift; sourceTree = "<group>"; };
		E5AC21982B2DFA33008F4CFA /* ViewModel.swift */ = {isa = PBXFileReference; lastKnownFileType = sourcecode.swift; path = ViewModel.swift; sourceTree = "<group>"; };
		E5AC219B2B2E2BCE008F4CFA /* RoomScreen.swift */ = {isa = PBXFileReference; lastKnownFileType = sourcecode.swift; path = RoomScreen.swift; sourceTree = "<group>"; };
		E5AC219E2B2E2E7F008F4CFA /* BlueButton.swift */ = {isa = PBXFileReference; lastKnownFileType = sourcecode.swift; path = BlueButton.swift; sourceTree = "<group>"; };
		E5AC21A02B2E2FB1008F4CFA /* ImageCarouselView.swift */ = {isa = PBXFileReference; lastKnownFileType = sourcecode.swift; path = ImageCarouselView.swift; sourceTree = "<group>"; };
		E5AC21A32B2E4218008F4CFA /* RoomModel.swift */ = {isa = PBXFileReference; lastKnownFileType = sourcecode.swift; path = RoomModel.swift; sourceTree = "<group>"; };
		E5AC21A52B2F68A4008F4CFA /* GetHotels.swift */ = {isa = PBXFileReference; lastKnownFileType = sourcecode.swift; path = GetHotels.swift; sourceTree = "<group>"; };
		E5AC21A72B2F6971008F4CFA /* GetRooms.swift */ = {isa = PBXFileReference; lastKnownFileType = sourcecode.swift; path = GetRooms.swift; sourceTree = "<group>"; };
		E5AC21AB2B2F6A66008F4CFA /* BookingScreen.swift */ = {isa = PBXFileReference; lastKnownFileType = sourcecode.swift; path = BookingScreen.swift; sourceTree = "<group>"; };
		E5AC21AD2B2F6B3D008F4CFA /* RoomBlock.swift */ = {isa = PBXFileReference; lastKnownFileType = sourcecode.swift; path = RoomBlock.swift; sourceTree = "<group>"; };
		E5AC21AF2B30A195008F4CFA /* HotelBlock.swift */ = {isa = PBXFileReference; lastKnownFileType = sourcecode.swift; path = HotelBlock.swift; sourceTree = "<group>"; };
		E5AC21B12B30A1BE008F4CFA /* BookingDetailItem.swift */ = {isa = PBXFileReference; lastKnownFileType = sourcecode.swift; path = BookingDetailItem.swift; sourceTree = "<group>"; };
		E5C1532B2B33F32E0056194C /* SuccessScreen.swift */ = {isa = PBXFileReference; lastKnownFileType = sourcecode.swift; path = SuccessScreen.swift; sourceTree = "<group>"; };
		E5C903E82B31A758001DF019 /* TouristBlock.swift */ = {isa = PBXFileReference; lastKnownFileType = sourcecode.swift; path = TouristBlock.swift; sourceTree = "<group>"; };
		E5C903EA2B31A95C001DF019 /* BuyerInfoBlock.swift */ = {isa = PBXFileReference; lastKnownFileType = sourcecode.swift; path = BuyerInfoBlock.swift; sourceTree = "<group>"; };
/* End PBXFileReference section */

/* Begin PBXFrameworksBuildPhase section */
		E503CC6F2B2CE91700BA8A2A /* Frameworks */ = {
			isa = PBXFrameworksBuildPhase;
			buildActionMask = 2147483647;
			files = (
			);
			runOnlyForDeploymentPostprocessing = 0;
		};
/* End PBXFrameworksBuildPhase section */

/* Begin PBXGroup section */
		E503CC692B2CE91600BA8A2A = {
			isa = PBXGroup;
			children = (
				E503CC742B2CE91700BA8A2A /* Test_Project */,
				E503CC732B2CE91700BA8A2A /* Products */,
			);
			sourceTree = "<group>";
		};
		E503CC732B2CE91700BA8A2A /* Products */ = {
			isa = PBXGroup;
			children = (
				E503CC722B2CE91700BA8A2A /* Test_Project.app */,
			);
			name = Products;
			sourceTree = "<group>";
		};
		E503CC742B2CE91700BA8A2A /* Test_Project */ = {
			isa = PBXGroup;
			children = (
				E503CC772B2CE91700BA8A2A /* ContentView.swift */,
				E5A594032B33729500E0724C /* Shared Views */,
				E5AC21982B2DFA33008F4CFA /* ViewModel.swift */,
				E5A5940A2B33762B00E0724C /* Extension.swift */,
				E5AC21882B2DA07D008F4CFA /* Hotel */,
				E5AC219A2B2E2B7A008F4CFA /* Room */,
				E5AC21AA2B2F6A3F008F4CFA /* Booking */,
				E5606B2B2B377B450001DDFD /* Success */,
				E503CC752B2CE91700BA8A2A /* Test_ProjectApp.swift */,
				E503CC792B2CE91800BA8A2A /* Assets.xcassets */,
				E503CC7B2B2CE91800BA8A2A /* Preview Content */,
			);
			path = Test_Project;
			sourceTree = "<group>";
		};
		E503CC7B2B2CE91800BA8A2A /* Preview Content */ = {
			isa = PBXGroup;
			children = (
				E503CC7C2B2CE91800BA8A2A /* Preview Assets.xcassets */,
			);
			path = "Preview Content";
			sourceTree = "<group>";
		};
		E5606B2B2B377B450001DDFD /* Success */ = {
			isa = PBXGroup;
			children = (
				E5C1532B2B33F32E0056194C /* SuccessScreen.swift */,
			);
			path = Success;
			sourceTree = "<group>";
		};
		E5A593F62B33546500E0724C /* View */ = {
			isa = PBXGroup;
			children = (
				E5AC21AB2B2F6A66008F4CFA /* BookingScreen.swift */,
				E5A594062B33733700E0724C /* Blocks */,
				E5A594072B33735500E0724C /* SubViews */,
			);
			path = View;
			sourceTree = "<group>";
		};
		E5A593F72B33547100E0724C /* Model */ = {
			isa = PBXGroup;
			children = (
				E5A593FB2B3359F000E0724C /* BookingDetails.swift */,
			);
			path = Model;
			sourceTree = "<group>";
		};
		E5A593F82B33547700E0724C /* View Model */ = {
			isa = PBXGroup;
			children = (
				E5A593F92B3359C000E0724C /* GetBookingDetails.swift */,
			);
			path = "View Model";
			sourceTree = "<group>";
		};
		E5A594032B33729500E0724C /* Shared Views */ = {
			isa = PBXGroup;
			children = (
				E5A594042B3372D200E0724C /* RatingView.swift */,
				E5AC219E2B2E2E7F008F4CFA /* BlueButton.swift */,
				E5AC21A02B2E2FB1008F4CFA /* ImageCarouselView.swift */,
				E5A5940C2B33771000E0724C /* ScreenBackground.swift */,
			);
			path = "Shared Views";
			sourceTree = "<group>";
		};
		E5A594062B33733700E0724C /* Blocks */ = {
			isa = PBXGroup;
			children = (
				E5AC21AF2B30A195008F4CFA /* HotelBlock.swift */,
				E5A593FF2B335C3A00E0724C /* BookingInfoBlock.swift */,
				E5C903EA2B31A95C001DF019 /* BuyerInfoBlock.swift */,
				E5C903E82B31A758001DF019 /* TouristBlock.swift */,
				E5A594012B335C7F00E0724C /* PriceBlock.swift */,
				E5606B292B3608840001DDFD /* AddTouristBlock.swift */,
			);
			path = Blocks;
			sourceTree = "<group>";
		};
		E5A594072B33735500E0724C /* SubViews */ = {
			isa = PBXGroup;
			children = (
				E5AC21B12B30A1BE008F4CFA /* BookingDetailItem.swift */,
				E5A593FD2B335BEC00E0724C /* FloatingTextField.swift */,
			);
			path = SubViews;
			sourceTree = "<group>";
		};
		E5A594082B33737800E0724C /* Blocks */ = {
			isa = PBXGroup;
			children = (
				E5AC218A2B2DA09E008F4CFA /* MainInfoBlock.swift */,
				E5AC21952B2DF595008F4CFA /* DescriptionBlock.swift */,
			);
			path = Blocks;
			sourceTree = "<group>";
		};
		E5A594092B33738F00E0724C /* SubViews */ = {
			isa = PBXGroup;
			children = (
				E5AC218E2B2DA0F6008F4CFA /* CustomListItem.swift */,
				E5AC218C2B2DA0BC008F4CFA /* CustomList.swift */,
				E5AC21932B2DBDD2008F4CFA /* FlexibleView.swift */,
			);
			path = SubViews;
			sourceTree = "<group>";
		};
		E5AC21882B2DA07D008F4CFA /* Hotel */ = {
			isa = PBXGroup;
			children = (
				E5AC21902B2DAF82008F4CFA /* Model */,
				E5AC21892B2DA086008F4CFA /* View */,
				E5AC21972B2DFA16008F4CFA /* View Model */,
			);
			path = Hotel;
			sourceTree = "<group>";
		};
		E5AC21892B2DA086008F4CFA /* View */ = {
			isa = PBXGroup;
			children = (
				E503CC852B2CE9BB00BA8A2A /* HotelScreen.swift */,
				E5A594082B33737800E0724C /* Blocks */,
				E5A594092B33738F00E0724C /* SubViews */,
			);
			path = View;
			sourceTree = "<group>";
		};
		E5AC21902B2DAF82008F4CFA /* Model */ = {
			isa = PBXGroup;
			children = (
				E5AC21912B2DAF90008F4CFA /* HotelModel.swift */,
			);
			path = Model;
			sourceTree = "<group>";
		};
		E5AC21972B2DFA16008F4CFA /* View Model */ = {
			isa = PBXGroup;
			children = (
				E5AC21A52B2F68A4008F4CFA /* GetHotels.swift */,
			);
			path = "View Model";
			sourceTree = "<group>";
		};
		E5AC219A2B2E2B7A008F4CFA /* Room */ = {
			isa = PBXGroup;
			children = (
				E5AC21A22B2E4203008F4CFA /* Model */,
				E5AC219D2B2E2BF6008F4CFA /* View */,
				E5AC21A92B2F6975008F4CFA /* View Model */,
			);
			path = Room;
			sourceTree = "<group>";
		};
		E5AC219D2B2E2BF6008F4CFA /* View */ = {
			isa = PBXGroup;
			children = (
				E5AC219B2B2E2BCE008F4CFA /* RoomScreen.swift */,
				E5AC21AD2B2F6B3D008F4CFA /* RoomBlock.swift */,
			);
			path = View;
			sourceTree = "<group>";
		};
		E5AC21A22B2E4203008F4CFA /* Model */ = {
			isa = PBXGroup;
			children = (
				E5AC21A32B2E4218008F4CFA /* RoomModel.swift */,
			);
			path = Model;
			sourceTree = "<group>";
		};
		E5AC21A92B2F6975008F4CFA /* View Model */ = {
			isa = PBXGroup;
			children = (
				E5AC21A72B2F6971008F4CFA /* GetRooms.swift */,
			);
			path = "View Model";
			sourceTree = "<group>";
		};
		E5AC21AA2B2F6A3F008F4CFA /* Booking */ = {
			isa = PBXGroup;
			children = (
				E5A593F72B33547100E0724C /* Model */,
				E5A593F62B33546500E0724C /* View */,
				E5A593F82B33547700E0724C /* View Model */,
			);
			path = Booking;
			sourceTree = "<group>";
		};
/* End PBXGroup section */

/* Begin PBXNativeTarget section */
		E503CC712B2CE91700BA8A2A /* Test_Project */ = {
			isa = PBXNativeTarget;
			buildConfigurationList = E503CC802B2CE91800BA8A2A /* Build configuration list for PBXNativeTarget "Test_Project" */;
			buildPhases = (
				E503CC6E2B2CE91700BA8A2A /* Sources */,
				E503CC6F2B2CE91700BA8A2A /* Frameworks */,
				E503CC702B2CE91700BA8A2A /* Resources */,
			);
			buildRules = (
			);
			dependencies = (
			);
			name = Test_Project;
			productName = Test_Project;
			productReference = E503CC722B2CE91700BA8A2A /* Test_Project.app */;
			productType = "com.apple.product-type.application";
		};
/* End PBXNativeTarget section */

/* Begin PBXProject section */
		E503CC6A2B2CE91600BA8A2A /* Project object */ = {
			isa = PBXProject;
			attributes = {
				BuildIndependentTargetsInParallel = 1;
				LastSwiftUpdateCheck = 1500;
				LastUpgradeCheck = 1500;
				TargetAttributes = {
					E503CC712B2CE91700BA8A2A = {
						CreatedOnToolsVersion = 15.0;
					};
				};
			};
			buildConfigurationList = E503CC6D2B2CE91600BA8A2A /* Build configuration list for PBXProject "Test_Project" */;
			compatibilityVersion = "Xcode 14.0";
			developmentRegion = en;
			hasScannedForEncodings = 0;
			knownRegions = (
				en,
				Base,
			);
			mainGroup = E503CC692B2CE91600BA8A2A;
			productRefGroup = E503CC732B2CE91700BA8A2A /* Products */;
			projectDirPath = "";
			projectRoot = "";
			targets = (
				E503CC712B2CE91700BA8A2A /* Test_Project */,
			);
		};
/* End PBXProject section */

/* Begin PBXResourcesBuildPhase section */
		E503CC702B2CE91700BA8A2A /* Resources */ = {
			isa = PBXResourcesBuildPhase;
			buildActionMask = 2147483647;
			files = (
				E503CC7D2B2CE91800BA8A2A /* Preview Assets.xcassets in Resources */,
				E503CC7A2B2CE91800BA8A2A /* Assets.xcassets in Resources */,
			);
			runOnlyForDeploymentPostprocessing = 0;
		};
/* End PBXResourcesBuildPhase section */

/* Begin PBXSourcesBuildPhase section */
		E503CC6E2B2CE91700BA8A2A /* Sources */ = {
			isa = PBXSourcesBuildPhase;
			buildActionMask = 2147483647;
			files = (
				E5AC21A42B2E4218008F4CFA /* RoomModel.swift in Sources */,
				E5AC21B22B30A1BE008F4CFA /* BookingDetailItem.swift in Sources */,
				E5AC21992B2DFA33008F4CFA /* ViewModel.swift in Sources */,
				E5AC21A62B2F68A4008F4CFA /* GetHotels.swift in Sources */,
				E503CC862B2CE9BB00BA8A2A /* HotelScreen.swift in Sources */,
				E5AC218B2B2DA09E008F4CFA /* MainInfoBlock.swift in Sources */,
				E5A593FA2B3359C000E0724C /* GetBookingDetails.swift in Sources */,
				E503CC782B2CE91700BA8A2A /* ContentView.swift in Sources */,
				E5AC21962B2DF595008F4CFA /* DescriptionBlock.swift in Sources */,
				E5AC21942B2DBDD2008F4CFA /* FlexibleView.swift in Sources */,
				E5AC218F2B2DA0F6008F4CFA /* CustomListItem.swift in Sources */,
				E5A5940D2B33771000E0724C /* ScreenBackground.swift in Sources */,
				E5AC21A82B2F6971008F4CFA /* GetRooms.swift in Sources */,
				E5C903EB2B31A95C001DF019 /* BuyerInfoBlock.swift in Sources */,
				E5AC219C2B2E2BCE008F4CFA /* RoomScreen.swift in Sources */,
				E5A593FC2B3359F000E0724C /* BookingDetails.swift in Sources */,
				E5AC21AE2B2F6B3D008F4CFA /* RoomBlock.swift in Sources */,
				E503CC762B2CE91700BA8A2A /* Test_ProjectApp.swift in Sources */,
				E5A594002B335C3A00E0724C /* BookingInfoBlock.swift in Sources */,
				E5A594022B335C7F00E0724C /* PriceBlock.swift in Sources */,
				E5AC21B02B30A195008F4CFA /* HotelBlock.swift in Sources */,
				E5C1532C2B33F32E0056194C /* SuccessScreen.swift in Sources */,
				E5C903E92B31A758001DF019 /* TouristBlock.swift in Sources */,
				E5AC218D2B2DA0BC008F4CFA /* CustomList.swift in Sources */,
				E5AC21922B2DAF90008F4CFA /* HotelModel.swift in Sources */,
				E5AC21A12B2E2FB1008F4CFA /* ImageCarouselView.swift in Sources */,
				E5AC219F2B2E2E7F008F4CFA /* BlueButton.swift in Sources */,
				E5A593FE2B335BEC00E0724C /* FloatingTextField.swift in Sources */,
				E5AC21AC2B2F6A66008F4CFA /* BookingScreen.swift in Sources */,
				E5A5940B2B33762B00E0724C /* Extension.swift in Sources */,
				E5606B2A2B3608840001DDFD /* AddTouristBlock.swift in Sources */,
				E5A594052B3372D200E0724C /* RatingView.swift in Sources */,
			);
			runOnlyForDeploymentPostprocessing = 0;
		};
/* End PBXSourcesBuildPhase section */

/* Begin XCBuildConfiguration section */
		E503CC7E2B2CE91800BA8A2A /* Debug */ = {
			isa = XCBuildConfiguration;
			buildSettings = {
				ALWAYS_SEARCH_USER_PATHS = NO;
				ASSETCATALOG_COMPILER_GENERATE_SWIFT_ASSET_SYMBOL_EXTENSIONS = YES;
				CLANG_ANALYZER_NONNULL = YES;
				CLANG_ANALYZER_NUMBER_OBJECT_CONVERSION = YES_AGGRESSIVE;
				CLANG_CXX_LANGUAGE_STANDARD = "gnu++20";
				CLANG_ENABLE_MODULES = YES;
				CLANG_ENABLE_OBJC_ARC = YES;
				CLANG_ENABLE_OBJC_WEAK = YES;
				CLANG_WARN_BLOCK_CAPTURE_AUTORELEASING = YES;
				CLANG_WARN_BOOL_CONVERSION = YES;
				CLANG_WARN_COMMA = YES;
				CLANG_WARN_CONSTANT_CONVERSION = YES;
				CLANG_WARN_DEPRECATED_OBJC_IMPLEMENTATIONS = YES;
				CLANG_WARN_DIRECT_OBJC_ISA_USAGE = YES_ERROR;
				CLANG_WARN_DOCUMENTATION_COMMENTS = YES;
				CLANG_WARN_EMPTY_BODY = YES;
				CLANG_WARN_ENUM_CONVERSION = YES;
				CLANG_WARN_INFINITE_RECURSION = YES;
				CLANG_WARN_INT_CONVERSION = YES;
				CLANG_WARN_NON_LITERAL_NULL_CONVERSION = YES;
				CLANG_WARN_OBJC_IMPLICIT_RETAIN_SELF = YES;
				CLANG_WARN_OBJC_LITERAL_CONVERSION = YES;
				CLANG_WARN_OBJC_ROOT_CLASS = YES_ERROR;
				CLANG_WARN_QUOTED_INCLUDE_IN_FRAMEWORK_HEADER = YES;
				CLANG_WARN_RANGE_LOOP_ANALYSIS = YES;
				CLANG_WARN_STRICT_PROTOTYPES = YES;
				CLANG_WARN_SUSPICIOUS_MOVE = YES;
				CLANG_WARN_UNGUARDED_AVAILABILITY = YES_AGGRESSIVE;
				CLANG_WARN_UNREACHABLE_CODE = YES;
				CLANG_WARN__DUPLICATE_METHOD_MATCH = YES;
				COPY_PHASE_STRIP = NO;
				DEBUG_INFORMATION_FORMAT = dwarf;
				ENABLE_STRICT_OBJC_MSGSEND = YES;
				ENABLE_TESTABILITY = YES;
				ENABLE_USER_SCRIPT_SANDBOXING = YES;
				GCC_C_LANGUAGE_STANDARD = gnu17;
				GCC_DYNAMIC_NO_PIC = NO;
				GCC_NO_COMMON_BLOCKS = YES;
				GCC_OPTIMIZATION_LEVEL = 0;
				GCC_PREPROCESSOR_DEFINITIONS = (
					"DEBUG=1",
					"$(inherited)",
				);
				GCC_WARN_64_TO_32_BIT_CONVERSION = YES;
				GCC_WARN_ABOUT_RETURN_TYPE = YES_ERROR;
				GCC_WARN_UNDECLARED_SELECTOR = YES;
				GCC_WARN_UNINITIALIZED_AUTOS = YES_AGGRESSIVE;
				GCC_WARN_UNUSED_FUNCTION = YES;
				GCC_WARN_UNUSED_VARIABLE = YES;
				IPHONEOS_DEPLOYMENT_TARGET = 17.0;
				LOCALIZATION_PREFERS_STRING_CATALOGS = YES;
				MTL_ENABLE_DEBUG_INFO = INCLUDE_SOURCE;
				MTL_FAST_MATH = YES;
				ONLY_ACTIVE_ARCH = YES;
				SDKROOT = iphoneos;
				SWIFT_ACTIVE_COMPILATION_CONDITIONS = "DEBUG $(inherited)";
				SWIFT_OPTIMIZATION_LEVEL = "-Onone";
			};
			name = Debug;
		};
		E503CC7F2B2CE91800BA8A2A /* Release */ = {
			isa = XCBuildConfiguration;
			buildSettings = {
				ALWAYS_SEARCH_USER_PATHS = NO;
				ASSETCATALOG_COMPILER_GENERATE_SWIFT_ASSET_SYMBOL_EXTENSIONS = YES;
				CLANG_ANALYZER_NONNULL = YES;
				CLANG_ANALYZER_NUMBER_OBJECT_CONVERSION = YES_AGGRESSIVE;
				CLANG_CXX_LANGUAGE_STANDARD = "gnu++20";
				CLANG_ENABLE_MODULES = YES;
				CLANG_ENABLE_OBJC_ARC = YES;
				CLANG_ENABLE_OBJC_WEAK = YES;
				CLANG_WARN_BLOCK_CAPTURE_AUTORELEASING = YES;
				CLANG_WARN_BOOL_CONVERSION = YES;
				CLANG_WARN_COMMA = YES;
				CLANG_WARN_CONSTANT_CONVERSION = YES;
				CLANG_WARN_DEPRECATED_OBJC_IMPLEMENTATIONS = YES;
				CLANG_WARN_DIRECT_OBJC_ISA_USAGE = YES_ERROR;
				CLANG_WARN_DOCUMENTATION_COMMENTS = YES;
				CLANG_WARN_EMPTY_BODY = YES;
				CLANG_WARN_ENUM_CONVERSION = YES;
				CLANG_WARN_INFINITE_RECURSION = YES;
				CLANG_WARN_INT_CONVERSION = YES;
				CLANG_WARN_NON_LITERAL_NULL_CONVERSION = YES;
				CLANG_WARN_OBJC_IMPLICIT_RETAIN_SELF = YES;
				CLANG_WARN_OBJC_LITERAL_CONVERSION = YES;
				CLANG_WARN_OBJC_ROOT_CLASS = YES_ERROR;
				CLANG_WARN_QUOTED_INCLUDE_IN_FRAMEWORK_HEADER = YES;
				CLANG_WARN_RANGE_LOOP_ANALYSIS = YES;
				CLANG_WARN_STRICT_PROTOTYPES = YES;
				CLANG_WARN_SUSPICIOUS_MOVE = YES;
				CLANG_WARN_UNGUARDED_AVAILABILITY = YES_AGGRESSIVE;
				CLANG_WARN_UNREACHABLE_CODE = YES;
				CLANG_WARN__DUPLICATE_METHOD_MATCH = YES;
				COPY_PHASE_STRIP = NO;
				DEBUG_INFORMATION_FORMAT = "dwarf-with-dsym";
				ENABLE_NS_ASSERTIONS = NO;
				ENABLE_STRICT_OBJC_MSGSEND = YES;
				ENABLE_USER_SCRIPT_SANDBOXING = YES;
				GCC_C_LANGUAGE_STANDARD = gnu17;
				GCC_NO_COMMON_BLOCKS = YES;
				GCC_WARN_64_TO_32_BIT_CONVERSION = YES;
				GCC_WARN_ABOUT_RETURN_TYPE = YES_ERROR;
				GCC_WARN_UNDECLARED_SELECTOR = YES;
				GCC_WARN_UNINITIALIZED_AUTOS = YES_AGGRESSIVE;
				GCC_WARN_UNUSED_FUNCTION = YES;
				GCC_WARN_UNUSED_VARIABLE = YES;
				IPHONEOS_DEPLOYMENT_TARGET = 17.0;
				LOCALIZATION_PREFERS_STRING_CATALOGS = YES;
				MTL_ENABLE_DEBUG_INFO = NO;
				MTL_FAST_MATH = YES;
				SDKROOT = iphoneos;
				SWIFT_COMPILATION_MODE = wholemodule;
				VALIDATE_PRODUCT = YES;
			};
			name = Release;
		};
		E503CC812B2CE91800BA8A2A /* Debug */ = {
			isa = XCBuildConfiguration;
			buildSettings = {
				ASSETCATALOG_COMPILER_APPICON_NAME = AppIcon;
				ASSETCATALOG_COMPILER_GLOBAL_ACCENT_COLOR_NAME = AccentColor;
				CODE_SIGN_STYLE = Automatic;
				CURRENT_PROJECT_VERSION = 1;
				DEVELOPMENT_ASSET_PATHS = "\"Test_Project/Preview Content\"";
				DEVELOPMENT_TEAM = 6J9XRFD286;
				ENABLE_PREVIEWS = YES;
				GENERATE_INFOPLIST_FILE = YES;
				INFOPLIST_KEY_UIApplicationSceneManifest_Generation = YES;
				INFOPLIST_KEY_UIApplicationSupportsIndirectInputEvents = YES;
				INFOPLIST_KEY_UILaunchScreen_Generation = YES;
				INFOPLIST_KEY_UISupportedInterfaceOrientations_iPad = "UIInterfaceOrientationPortrait UIInterfaceOrientationPortraitUpsideDown UIInterfaceOrientationLandscapeLeft UIInterfaceOrientationLandscapeRight";
				INFOPLIST_KEY_UISupportedInterfaceOrientations_iPhone = "UIInterfaceOrientationPortrait UIInterfaceOrientationLandscapeLeft UIInterfaceOrientationLandscapeRight";
				LD_RUNPATH_SEARCH_PATHS = (
					"$(inherited)",
					"@executable_path/Frameworks",
				);
				MARKETING_VERSION = 1.0;
				PRODUCT_BUNDLE_IDENTIFIER = "Abdulloh.Test-Project";
				PRODUCT_NAME = "$(TARGET_NAME)";
				SWIFT_EMIT_LOC_STRINGS = YES;
				SWIFT_VERSION = 5.0;
				TARGETED_DEVICE_FAMILY = "1,2";
			};
			name = Debug;
		};
		E503CC822B2CE91800BA8A2A /* Release */ = {
			isa = XCBuildConfiguration;
			buildSettings = {
				ASSETCATALOG_COMPILER_APPICON_NAME = AppIcon;
				ASSETCATALOG_COMPILER_GLOBAL_ACCENT_COLOR_NAME = AccentColor;
				CODE_SIGN_STYLE = Automatic;
				CURRENT_PROJECT_VERSION = 1;
				DEVELOPMENT_ASSET_PATHS = "\"Test_Project/Preview Content\"";
				DEVELOPMENT_TEAM = 6J9XRFD286;
				ENABLE_PREVIEWS = YES;
				GENERATE_INFOPLIST_FILE = YES;
				INFOPLIST_KEY_UIApplicationSceneManifest_Generation = YES;
				INFOPLIST_KEY_UIApplicationSupportsIndirectInputEvents = YES;
				INFOPLIST_KEY_UILaunchScreen_Generation = YES;
				INFOPLIST_KEY_UISupportedInterfaceOrientations_iPad = "UIInterfaceOrientationPortrait UIInterfaceOrientationPortraitUpsideDown UIInterfaceOrientationLandscapeLeft UIInterfaceOrientationLandscapeRight";
				INFOPLIST_KEY_UISupportedInterfaceOrientations_iPhone = "UIInterfaceOrientationPortrait UIInterfaceOrientationLandscapeLeft UIInterfaceOrientationLandscapeRight";
				LD_RUNPATH_SEARCH_PATHS = (
					"$(inherited)",
					"@executable_path/Frameworks",
				);
				MARKETING_VERSION = 1.0;
				PRODUCT_BUNDLE_IDENTIFIER = "Abdulloh.Test-Project";
				PRODUCT_NAME = "$(TARGET_NAME)";
				SWIFT_EMIT_LOC_STRINGS = YES;
				SWIFT_VERSION = 5.0;
				TARGETED_DEVICE_FAMILY = "1,2";
			};
			name = Release;
		};
/* End XCBuildConfiguration section */

/* Begin XCConfigurationList section */
		E503CC6D2B2CE91600BA8A2A /* Build configuration list for PBXProject "Test_Project" */ = {
			isa = XCConfigurationList;
			buildConfigurations = (
				E503CC7E2B2CE91800BA8A2A /* Debug */,
				E503CC7F2B2CE91800BA8A2A /* Release */,
			);
			defaultConfigurationIsVisible = 0;
			defaultConfigurationName = Release;
		};
		E503CC802B2CE91800BA8A2A /* Build configuration list for PBXNativeTarget "Test_Project" */ = {
			isa = XCConfigurationList;
			buildConfigurations = (
				E503CC812B2CE91800BA8A2A /* Debug */,
				E503CC822B2CE91800BA8A2A /* Release */,
			);
			defaultConfigurationIsVisible = 0;
			defaultConfigurationName = Release;
		};
/* End XCConfigurationList section */
	};
	rootObject = E503CC6A2B2CE91600BA8A2A /* Project object */;
}
